<Solution>
  <Project Path="Roslyn.Tests/SunamoRoslyn.Tests.csproj" />
  <Project Path="RoslynAnalyzer.Tests/RoslynAnalyzer.Tests.csproj" />
  <Project Path="SunamoCl.Tests/SunamoCl.Tests.csproj" />
  <Project Path="SunamoClipboard.Tests/SunamoClipboard.Tests.csproj" />
  <Project Path="SunamoFileIO.Tests2/SunamoFileIO.Tests2.csproj" />
  <Project Path="SunamoGoPay.Tests2/SunamoGoPay.Tests2.csproj" />
  <Project Path="SunamoLogMessage/RunnerLogMessage/RunnerLogMessage.csproj" />
  <Project Path="SunamoLogMessage/SunamoLogMessage.Tests/SunamoLogMessage.Tests.csproj" />
  <Project Path="SunamoRoslyn2.Tests/SunamoRoslyn2.Tests.csproj" />
  <Project Path="SunamoShared2.Tests/SunamoShared2.Tests.csproj" />
  <Project Path="SunamoSqlServer.Tests/SunamoSqlServer.Tests.csproj" />
  <Project Path="SunamoSqlite.Tests/SunamoSqlite.Tests.csproj" />
  <Project Path="SunamoUwpApps.Tests/SunamoUwpApps.Tests.csproj" />
  <Project Path="SunamoString.Tests2/SunamoString.Tests.csproj" />
  <Project Path="Tesseract.Tests/Tesseract.Tests.csproj" />
  <Project Path="SunamoTextBuilder.Tests/SunamoTextBuilder.Tests.csproj" />
  <Project Path="SunamoTextOutputGenerator.Tests2/SunamoTextOutputGenerator.Tests.csproj" />
  <Project Path="SunamoTestValues/SunamoTestValues.csproj" />
  <Project Path="TestValues.Sql/TestValues.Sql.csproj" />
  <Project Path="sunamo.Tests.Data/sunamo.Tests.Data.csproj" />
  <Project Path="win.std.Tests/SunamoWinStd.Tests.csproj" />
</Solution>
