<Solution>
  <Configurations>
    <Platform Name="Any CPU" />
    <Platform Name="x64" />
    <Platform Name="x86" />
  </Configurations>
  <Project Path="../../PlatformIndependentNuGetPackages/SunamoAI/SunamoAI.Tests/SunamoAI.Tests.csproj" />
  <Project Path="../../PlatformIndependentNuGetPackages/SunamoAI/SunamoAI/SunamoAI.csproj" />
  <Project Path="../../PlatformIndependentNuGetPackages/SunamoArgs/SunamoArgs.Tests/SunamoArgs.Tests.csproj" />
  <Project Path="../../PlatformIndependentNuGetPackages/SunamoArgs/SunamoArgs/SunamoArgs.csproj" />
  <Project Path="../../PlatformIndependentNuGetPackages/SunamoAsync/SunamoAsync.Tests/SunamoAsync.Tests.csproj" />
  <Project Path="../../PlatformIndependentNuGetPackages/SunamoAsync/SunamoAsync/SunamoAsync.csproj" />
  <Project Path="../../PlatformIndependentNuGetPackages/SunamoAttributes/SunamoAttributes.Tests/SunamoAttributes.Tests.csproj" />
  <Project Path="../../PlatformIndependentNuGetPackages/SunamoAttributes/SunamoAttributes/SunamoAttributes.csproj" />
  <Project Path="../../PlatformIndependentNuGetPackages/SunamoAzureDevOpsApi/SunamoAzureDevOpsApi.Tests/SunamoAzureDevOpsApi.Tests.csproj" />
  <Project Path="../../PlatformIndependentNuGetPackages/SunamoAzureDevOpsApi/SunamoAzureDevOpsApi/SunamoAzureDevOpsApi.csproj" />
  <Project Path="../../PlatformIndependentNuGetPackages/SunamoBazosCrawler/SunamoBazosCrawler.Tests/SunamoBazosCrawler.Tests.csproj" />
  <Project Path="../../PlatformIndependentNuGetPackages/SunamoBazosCrawler/SunamoBazosCrawler/SunamoBazosCrawler.csproj" />
  <Project Path="../../PlatformIndependentNuGetPackages/SunamoBts/SunamoBts.Tests/SunamoBts.Tests.csproj" />
  <Project Path="../../PlatformIndependentNuGetPackages/SunamoBts/SunamoBts/SunamoBts.csproj" />
  <Project Path="../../PlatformIndependentNuGetPackages/SunamoChar/SunamoChar.Tests/SunamoChar.Tests.csproj" />
  <Project Path="../../PlatformIndependentNuGetPackages/SunamoChar/SunamoChar/SunamoChar.csproj" />
  <Project Path="../../PlatformIndependentNuGetPackages/SunamoCl/SunamoCl.Tests/SunamoCl.Tests.csproj" />
  <Project Path="../../PlatformIndependentNuGetPackages/SunamoCl/SunamoCl/SunamoCl.csproj" />
  <Project Path="../../PlatformIndependentNuGetPackages/SunamoClearScript/SunamoClearScript.Tests/SunamoClearScript.Tests.csproj" />
  <Project Path="../../PlatformIndependentNuGetPackages/SunamoClearScript/SunamoClearScript/SunamoClearScript.csproj" />
  <Project Path="../../PlatformIndependentNuGetPackages/SunamoClipboard/SunamoClipboard.Tests/SunamoClipboard.Tests.csproj" />
  <Project Path="../../PlatformIndependentNuGetPackages/SunamoClipboard/SunamoClipboard/SunamoClipboard.csproj" />
  <Project Path="../../PlatformIndependentNuGetPackages/SunamoCollectionOnDrive/SunamoCollectionOnDrive.Tests/SunamoCollectionOnDrive.Tests.csproj" />
  <Project Path="../../PlatformIndependentNuGetPackages/SunamoCollectionOnDrive/SunamoCollectionOnDrive/SunamoCollectionOnDrive.csproj" />
  <Project Path="../../PlatformIndependentNuGetPackages/SunamoCollections/SunamoCollections.Tests/SunamoCollections.Tests.csproj" />
  <Project Path="../../PlatformIndependentNuGetPackages/SunamoCollections/SunamoCollections/SunamoCollections.csproj" />
  <Project Path="../../PlatformIndependentNuGetPackages/SunamoCollectionsChangeContent/SunamoCollectionsChangeContent.Tests/SunamoCollectionsChangeContent.Tests.csproj" />
  <Project Path="../../PlatformIndependentNuGetPackages/SunamoCollectionsChangeContent/SunamoCollectionsChangeContent/SunamoCollectionsChangeContent.csproj" />
  <Project Path="../../PlatformIndependentNuGetPackages/SunamoCollectionsGeneric/SunamoCollectionsGeneric.Tests/SunamoCollectionsGeneric.Tests.csproj" />
  <Project Path="../../PlatformIndependentNuGetPackages/SunamoCollectionsGeneric/SunamoCollectionsGeneric/SunamoCollectionsGeneric.csproj" />
  <Project Path="../../PlatformIndependentNuGetPackages/SunamoCollectionsIndexesWithNull/SunamoCollectionsIndexesWithNull.Tests/SunamoCollectionsIndexesWithNull.Tests.csproj" />
  <Project Path="../../PlatformIndependentNuGetPackages/SunamoCollectionsIndexesWithNull/SunamoCollectionsIndexesWithNull/SunamoCollectionsIndexesWithNull.csproj" />
  <Project Path="../../PlatformIndependentNuGetPackages/SunamoCollectionsNonGeneric/SunamoCollectionsNonGeneric.Tests/SunamoCollectionsNonGeneric.Tests.csproj" />
  <Project Path="../../PlatformIndependentNuGetPackages/SunamoCollectionsNonGeneric/SunamoCollectionsNonGeneric/SunamoCollectionsNonGeneric.csproj" />
  <Project Path="../../PlatformIndependentNuGetPackages/SunamoCollectionsTo/SunamoCollectionsTo.Tests/SunamoCollectionsTo.Tests.csproj" />
  <Project Path="../../PlatformIndependentNuGetPackages/SunamoCollectionsTo/SunamoCollectionsTo/SunamoCollectionsTo.csproj" />
  <Project Path="../../PlatformIndependentNuGetPackages/SunamoCollectionsValuesTableGrid/SunamoCollectionsValuesTableGrid.Tests/SunamoCollectionsValuesTableGrid.Tests.csproj" />
  <Project Path="../../PlatformIndependentNuGetPackages/SunamoCollectionsValuesTableGrid/SunamoCollectionsValuesTableGrid/SunamoCollectionsValuesTableGrid.csproj" />
  <Project Path="../../PlatformIndependentNuGetPackages/SunamoCollectionWithoutDuplicates/SunamoCollectionWithoutDuplicates.Tests/SunamoCollectionWithoutDuplicates.Tests.csproj" />
  <Project Path="../../PlatformIndependentNuGetPackages/SunamoCollectionWithoutDuplicates/SunamoCollectionWithoutDuplicates/SunamoCollectionWithoutDuplicates.csproj" />
  <Project Path="../../PlatformIndependentNuGetPackages/SunamoColors/SunamoColors.Tests/SunamoColors.Tests.csproj" />
  <Project Path="../../PlatformIndependentNuGetPackages/SunamoColors/SunamoColors/SunamoColors.csproj" />
  <Project Path="../../PlatformIndependentNuGetPackages/SunamoCompare/SunamoCompare.Tests/SunamoCompare.Tests.csproj" />
  <Project Path="../../PlatformIndependentNuGetPackages/SunamoCompare/SunamoCompare/SunamoCompare.csproj" />
  <Project Path="../../PlatformIndependentNuGetPackages/SunamoConverters/SunamoConverters.Tests/SunamoConverters.Tests.csproj" />
  <Project Path="../../PlatformIndependentNuGetPackages/SunamoConverters/SunamoConverters/SunamoConverters.csproj" />
  <Project Path="../../PlatformIndependentNuGetPackages/SunamoCrypt/SunamoCrypt.Tests/SunamoCrypt.Tests.csproj" />
  <Project Path="../../PlatformIndependentNuGetPackages/SunamoCrypt/SunamoCrypt/SunamoCrypt.csproj" />
  <Project Path="../../PlatformIndependentNuGetPackages/SunamoCsproj/SunamoCsproj.Tests/SunamoCsproj.Tests.csproj" />
  <Project Path="../../PlatformIndependentNuGetPackages/SunamoCsproj/SunamoCsproj/SunamoCsproj.csproj" />
  <Project Path="../../PlatformIndependentNuGetPackages/SunamoCssGenerator/SunamoCssGenerator.Tests/SunamoCssGenerator.Tests.csproj" />
  <Project Path="../../PlatformIndependentNuGetPackages/SunamoCssGenerator/SunamoCssGenerator/SunamoCssGenerator.csproj" />
  <Project Path="../../PlatformIndependentNuGetPackages/SunamoCsv/SunamoCsv.Tests/SunamoCsv.Tests.csproj" />
  <Project Path="../../PlatformIndependentNuGetPackages/SunamoCsv/SunamoCsv/SunamoCsv.csproj" />
  <Project Path="../../PlatformIndependentNuGetPackages/SunamoData/SunamoData.Tests/SunamoData.Tests.csproj" />
  <Project Path="../../PlatformIndependentNuGetPackages/SunamoData/SunamoData/SunamoData.csproj" />
  <Project Path="../../PlatformIndependentNuGetPackages/SunamoDateTime/SunamoDateTime.Tests/SunamoDateTime.Tests.csproj" />
  <Project Path="../../PlatformIndependentNuGetPackages/SunamoDateTime/SunamoDateTime/SunamoDateTime.csproj" />
  <Project Path="../../PlatformIndependentNuGetPackages/SunamoDebugCollection/SunamoDebugCollection.Tests/SunamoDebugCollection.Tests.csproj" />
  <Project Path="../../PlatformIndependentNuGetPackages/SunamoDebugCollection/SunamoDebugCollection/SunamoDebugCollection.csproj" />
  <Project Path="../../PlatformIndependentNuGetPackages/SunamoDebugging/SunamoDebugging.Tests/SunamoDebugging.Tests.csproj" />
  <Project Path="../../PlatformIndependentNuGetPackages/SunamoDebugging/SunamoDebugging/SunamoDebugging.csproj" />
  <Project Path="../../PlatformIndependentNuGetPackages/SunamoDebugIO/SunamoDebugIO.Tests/SunamoDebugIO.Tests.csproj" />
  <Project Path="../../PlatformIndependentNuGetPackages/SunamoDebugIO/SunamoDebugIO/SunamoDebugIO.csproj" />
  <Project Path="../../PlatformIndependentNuGetPackages/SunamoDelegates/SunamoDelegates.Tests/SunamoDelegates.Tests.csproj" />
  <Project Path="../../PlatformIndependentNuGetPackages/SunamoDelegates/SunamoDelegates/SunamoDelegates.csproj" />
  <Project Path="../../PlatformIndependentNuGetPackages/SunamoDependencyInjection/SunamoDependencyInjection.Tests/SunamoDependencyInjection.Tests.csproj" />
  <Project Path="../../PlatformIndependentNuGetPackages/SunamoDependencyInjection/SunamoDependencyInjection/SunamoDependencyInjection.csproj" />
  <Project Path="../../PlatformIndependentNuGetPackages/SunamoDevCode/SunamoDevCode.Tests/SunamoDevCode.Tests.csproj" />
  <Project Path="../../PlatformIndependentNuGetPackages/SunamoDevCode/SunamoDevCode/SunamoDevCode.csproj">
    <Platform Solution="*|x86" Project="x86" />
  </Project>
  <Project Path="../../PlatformIndependentNuGetPackages/SunamoDictionary/SunamoDictionary.Tests/SunamoDictionary.Tests.csproj" />
  <Project Path="../../PlatformIndependentNuGetPackages/SunamoDictionary/SunamoDictionary/SunamoDictionary.csproj" />
  <Project Path="../../PlatformIndependentNuGetPackages/SunamoDotnetCmdBuilder/SunamoDotnetCmdBuilder.Tests/SunamoDotnetCmdBuilder.Tests.csproj" />
  <Project Path="../../PlatformIndependentNuGetPackages/SunamoDotnetCmdBuilder/SunamoDotnetCmdBuilder/SunamoDotnetCmdBuilder.csproj" />
  <Project Path="../../PlatformIndependentNuGetPackages/SunamoDotNetZip/SunamoDotNetZip.Tests/SunamoDotNetZip.Tests.csproj" />
  <Project Path="../../PlatformIndependentNuGetPackages/SunamoDotNetZip/SunamoDotNetZip/SunamoDotNetZip.csproj" />
  <Project Path="../../PlatformIndependentNuGetPackages/SunamoEditorConfig/SunamoEditorConfig.Tests/SunamoEditorConfig.Tests.csproj" />
  <Project Path="../../PlatformIndependentNuGetPackages/SunamoEditorConfig/SunamoEditorConfig/SunamoEditorConfig.csproj" />
  <Project Path="../../PlatformIndependentNuGetPackages/SunamoEmbeddedResources/SunamoEmbeddedResources.Tests/SunamoEmbeddedResources.Tests.csproj" />
  <Project Path="../../PlatformIndependentNuGetPackages/SunamoEmbeddedResources/SunamoEmbeddedResources/SunamoEmbeddedResources.csproj" />
  <Project Path="../../PlatformIndependentNuGetPackages/SunamoEmoticons/SunamoEmoticons.Tests/SunamoEmoticons.Tests.csproj" />
  <Project Path="../../PlatformIndependentNuGetPackages/SunamoEmoticons/SunamoEmoticons/SunamoEmoticons.csproj" />
  <Project Path="../../PlatformIndependentNuGetPackages/SunamoEnums/SunamoEnums.Tests/SunamoEnums.Tests.csproj" />
  <Project Path="../../PlatformIndependentNuGetPackages/SunamoEnums/SunamoEnums/SunamoEnums.csproj" />
  <Project Path="../../PlatformIndependentNuGetPackages/SunamoEnumsHelper/SunamoEnumsHelper.Tests/SunamoEnumsHelper.Tests.csproj" />
  <Project Path="../../PlatformIndependentNuGetPackages/SunamoEnumsHelper/SunamoEnumsHelper/SunamoEnumsHelper.csproj" />
  <Project Path="../../PlatformIndependentNuGetPackages/SunamoExceptions/SunamoExceptions.Tests/SunamoExceptions.Tests.csproj" />
  <Project Path="../../PlatformIndependentNuGetPackages/SunamoExceptions/SunamoExceptions/SunamoExceptions.csproj" />
  <Project Path="../../PlatformIndependentNuGetPackages/SunamoExtensions/SunamoExtensions.Tests/SunamoExtensions.Tests.csproj" />
  <Project Path="../../PlatformIndependentNuGetPackages/SunamoExtensions/SunamoExtensions/SunamoExtensions.csproj" />
  <Project Path="../../PlatformIndependentNuGetPackages/SunamoFileExtensions/SunamoFileExtensions.Tests/SunamoFileExtensions.Tests.csproj" />
  <Project Path="../../PlatformIndependentNuGetPackages/SunamoFileExtensions/SunamoFileExtensions/SunamoFileExtensions.csproj" />
  <Project Path="../../PlatformIndependentNuGetPackages/SunamoFileIO/SunamoFileIO.Tests/SunamoFileIO.Tests.csproj" />
  <Project Path="../../PlatformIndependentNuGetPackages/SunamoFileIO/SunamoFileIO/SunamoFileIO.csproj" />
  <Project Path="../../PlatformIndependentNuGetPackages/SunamoFilesIndex/SunamoFilesIndex.Tests/SunamoFilesIndex.Tests.csproj" />
  <Project Path="../../PlatformIndependentNuGetPackages/SunamoFilesIndex/SunamoFilesIndex/SunamoFilesIndex.csproj" />
  <Project Path="../../PlatformIndependentNuGetPackages/SunamoFileSystem/SunamoFileSystem.Tests/SunamoFileSystem.Tests.csproj" />
  <Project Path="../../PlatformIndependentNuGetPackages/SunamoFileSystem/SunamoFileSystem/SunamoFileSystem.csproj" />
  <Project Path="../../PlatformIndependentNuGetPackages/SunamoFluentFtp/SunamoFluentFtp.Tests/SunamoFluentFtp.Tests.csproj" />
  <Project Path="../../PlatformIndependentNuGetPackages/SunamoFluentFtp/SunamoFluentFtp/SunamoFluentFtp.csproj" />
  <Project Path="../../PlatformIndependentNuGetPackages/SunamoFtp/SunamoFtp.Tests/SunamoFtp.Tests.csproj" />
  <Project Path="../../PlatformIndependentNuGetPackages/SunamoFtp/SunamoFtp/SunamoFtp.csproj" />
  <Project Path="../../PlatformIndependentNuGetPackages/SunamoGetFiles/SunamoGetFiles.Tests/SunamoGetFiles.Tests.csproj" />
  <Project Path="../../PlatformIndependentNuGetPackages/SunamoGetFiles/SunamoGetFiles/SunamoGetFiles.csproj" />
  <Project Path="../../PlatformIndependentNuGetPackages/SunamoGetFolders/SunamoGetFolders.Tests/SunamoGetFolders.Tests.csproj" />
  <Project Path="../../PlatformIndependentNuGetPackages/SunamoGetFolders/SunamoGetFolders/SunamoGetFolders.csproj" />
  <Project Path="../../PlatformIndependentNuGetPackages/SunamoGitConfig/SunamoGitConfig.Tests/SunamoGitConfig.Tests.csproj" />
  <Project Path="../../PlatformIndependentNuGetPackages/SunamoGitConfig/SunamoGitConfig/SunamoGitConfig.csproj" />
  <Project Path="../../PlatformIndependentNuGetPackages/SunamoGoogleMyMaps/SunamoGoogleMyMaps.Tests/SunamoGoogleMyMaps.Tests.csproj" />
  <Project Path="../../PlatformIndependentNuGetPackages/SunamoGoogleMyMaps/SunamoGoogleMyMaps/SunamoGoogleMyMaps.csproj" />
  <Project Path="../../PlatformIndependentNuGetPackages/SunamoGoogleSheets/SunamoGoogleSheets.Tests/SunamoGoogleSheets.Tests.csproj" />
  <Project Path="../../PlatformIndependentNuGetPackages/SunamoGoogleSheets/SunamoGoogleSheets/SunamoGoogleSheets.csproj" />
  <Project Path="../../PlatformIndependentNuGetPackages/SunamoGpx/SunamoGpx.Tests/SunamoGpx.Tests.csproj" />
  <Project Path="../../PlatformIndependentNuGetPackages/SunamoGpx/SunamoGpx/SunamoGpx.csproj" />
  <Project Path="../../PlatformIndependentNuGetPackages/SunamoHtml/SunamoHtml.Tests/SunamoHtml.Tests.csproj" />
  <Project Path="../../PlatformIndependentNuGetPackages/SunamoHtml/SunamoHtml/SunamoHtml.csproj" />
  <Project Path="../../PlatformIndependentNuGetPackages/SunamoHttp/SunamoHttp.Tests/SunamoHttp.Tests.csproj" />
  <Project Path="../../PlatformIndependentNuGetPackages/SunamoHttp/SunamoHttp/SunamoHttp.csproj" />
  <Project Path="../../PlatformIndependentNuGetPackages/SunamoIni/SunamoIni.Tests/SunamoIni.Tests.csproj" />
  <Project Path="../../PlatformIndependentNuGetPackages/SunamoIni/SunamoIni/SunamoIni.csproj" />
  <Project Path="../../PlatformIndependentNuGetPackages/SunamoInterfaces/SunamoInterfaces.Tests/SunamoInterfaces.Tests.csproj" />
  <Project Path="../../PlatformIndependentNuGetPackages/SunamoInterfaces/SunamoInterfaces/SunamoInterfaces.csproj" />
  <Project Path="../../PlatformIndependentNuGetPackages/SunamoJson/SunamoJson.Tests/SunamoJson.Tests.csproj" />
  <Project Path="../../PlatformIndependentNuGetPackages/SunamoJson/SunamoJson/SunamoJson.csproj" />
  <Project Path="../../PlatformIndependentNuGetPackages/SunamoLang/SunamoLang.Tests/SunamoLang.Tests.csproj" />
  <Project Path="../../PlatformIndependentNuGetPackages/SunamoLang/SunamoLang/SunamoLang.csproj">
    <Platform Solution="*|x86" Project="x86" />
  </Project>
  <Project Path="../../PlatformIndependentNuGetPackages/SunamoLaTeX/SunamoLaTeX.Tests/SunamoLaTeX.Tests.csproj" />
  <Project Path="../../PlatformIndependentNuGetPackages/SunamoLaTeX/SunamoLaTeX/SunamoLaTeX.csproj" />
  <Project Path="../../PlatformIndependentNuGetPackages/SunamoLogging/SunamoLogging.Tests/SunamoLogging.Tests.csproj" />
  <Project Path="../../PlatformIndependentNuGetPackages/SunamoLogging/SunamoLogging/SunamoLogging.csproj" />
  <Project Path="../../PlatformIndependentNuGetPackages/SunamoMail/SunamoMail.Tests/SunamoMail.Tests.csproj" />
  <Project Path="../../PlatformIndependentNuGetPackages/SunamoMail/SunamoMail/SunamoMail.csproj" />
  <Project Path="../../PlatformIndependentNuGetPackages/SunamoMarkdown/SunamoMarkdown.Tests/SunamoMarkdown.Tests.csproj" />
  <Project Path="../../PlatformIndependentNuGetPackages/SunamoMarkdown/SunamoMarkdown/SunamoMarkdown.csproj" />
  <Project Path="../../PlatformIndependentNuGetPackages/SunamoMathpix/SunamoMathpix.Tests/SunamoMathpix.Tests.csproj" />
  <Project Path="../../PlatformIndependentNuGetPackages/SunamoMathpix/SunamoMathpix/SunamoMathpix.csproj" />
  <Project Path="../../PlatformIndependentNuGetPackages/SunamoMime/SunamoMime.Tests/SunamoMime.Tests.csproj" />
  <Project Path="../../PlatformIndependentNuGetPackages/SunamoMime/SunamoMime/SunamoMime.csproj" />
  <Project Path="../../PlatformIndependentNuGetPackages/SunamoMsgReader/SunamoMsgReader.Tests/SunamoMsgReader.Tests.csproj" />
  <Project Path="../../PlatformIndependentNuGetPackages/SunamoMsgReader/SunamoMsgReader/SunamoMsgReader.csproj" />
  <Project Path="../../PlatformIndependentNuGetPackages/SunamoMsSqlServer/SunamoMsSqlServer.Tests/SunamoMsSqlServer.Tests.csproj" />
  <Project Path="../../PlatformIndependentNuGetPackages/SunamoMsSqlServer/SunamoMsSqlServer/SunamoMsSqlServer.csproj" />
  <Project Path="../../PlatformIndependentNuGetPackages/SunamoNuGetProtocol/SunamoNuGetProtocol.Tests/SunamoNuGetProtocol.Tests.csproj" />
  <Project Path="../../PlatformIndependentNuGetPackages/SunamoNuGetProtocol/SunamoNuGetProtocol/SunamoNuGetProtocol.csproj" />
  <Project Path="../../PlatformIndependentNuGetPackages/SunamoNumbers/SunamoNumbers.Tests/SunamoNumbers.Tests.csproj" />
  <Project Path="../../PlatformIndependentNuGetPackages/SunamoNumbers/SunamoNumbers/SunamoNumbers.csproj" />
  <Project Path="../../PlatformIndependentNuGetPackages/SunamoOctokit/SunamoOctokit.Tests/SunamoOctokit.Tests.csproj" />
  <Project Path="../../PlatformIndependentNuGetPackages/SunamoOctokit/SunamoOctokit/SunamoOctokit.csproj" />
  <Project Path="../../PlatformIndependentNuGetPackages/SunamoPackageJson/SunamoPackageJson.Tests/SunamoPackageJson.Tests.csproj" />
  <Project Path="../../PlatformIndependentNuGetPackages/SunamoPackageJson/SunamoPackageJson/SunamoPackageJson.csproj" />
  <Project Path="../../PlatformIndependentNuGetPackages/SunamoParsing/SunamoParsing.Tests/SunamoParsing.Tests.csproj" />
  <Project Path="../../PlatformIndependentNuGetPackages/SunamoParsing/SunamoParsing/SunamoParsing.csproj" />
  <Project Path="../../PlatformIndependentNuGetPackages/SunamoPaths/SunamoPaths.Tests/SunamoPaths.Tests.csproj" />
  <Project Path="../../PlatformIndependentNuGetPackages/SunamoPaths/SunamoPaths/SunamoPaths.csproj" />
  <Project Path="../../PlatformIndependentNuGetPackages/SunamoPercentCalculator/SunamoPercentCalculator.Tests/SunamoPercentCalculator.Tests.csproj" />
  <Project Path="../../PlatformIndependentNuGetPackages/SunamoPercentCalculator/SunamoPercentCalculator/SunamoPercentCalculator.csproj" />
  <Project Path="../../PlatformIndependentNuGetPackages/SunamoPInvoke/SunamoPInvoke.Tests/SunamoPInvoke.Tests.csproj" />
  <Project Path="../../PlatformIndependentNuGetPackages/SunamoPInvoke/SunamoPInvoke/SunamoPInvoke.csproj" />
  <Project Path="../../PlatformIndependentNuGetPackages/SunamoPlatformUwpInterop/SunamoPlatformUwpInterop.Tests/SunamoPlatformUwpInterop.Tests.csproj" />
  <Project Path="../../PlatformIndependentNuGetPackages/SunamoPlatformUwpInterop/SunamoPlatformUwpInterop/SunamoPlatformUwpInterop.csproj" />
  <Project Path="../../PlatformIndependentNuGetPackages/SunamoPS/SunamoPS.Tests/SunamoPS.Tests.csproj" />
  <Project Path="../../PlatformIndependentNuGetPackages/SunamoPS/SunamoPS/SunamoPS.csproj" />
  <Project Path="../../PlatformIndependentNuGetPackages/SunamoRandom/SunamoRandom.Tests/SunamoRandom.Tests.csproj" />
  <Project Path="../../PlatformIndependentNuGetPackages/SunamoRandom/SunamoRandom/SunamoRandom.csproj" />
  <Project Path="../../PlatformIndependentNuGetPackages/SunamoReflection/SunamoReflection.Tests/SunamoReflection.Tests.csproj" />
  <Project Path="../../PlatformIndependentNuGetPackages/SunamoReflection/SunamoReflection/SunamoReflection.csproj" />
  <Project Path="../../PlatformIndependentNuGetPackages/SunamoRegex/SunamoRegex.Tests/SunamoRegex.Tests.csproj" />
  <Project Path="../../PlatformIndependentNuGetPackages/SunamoRegex/SunamoRegex/SunamoRegex.csproj" />
  <Project Path="../../PlatformIndependentNuGetPackages/SunamoResult/SunamoResult.Tests/SunamoResult.Tests.csproj" />
  <Project Path="../../PlatformIndependentNuGetPackages/SunamoResult/SunamoResult/SunamoResult.csproj" />
  <Project Path="../../PlatformIndependentNuGetPackages/SunamoRobotsTxt/SunamoRobotsTxt.Tests/SunamoRobotsTxt.Tests.csproj" />
  <Project Path="../../PlatformIndependentNuGetPackages/SunamoRobotsTxt/SunamoRobotsTxt/SunamoRobotsTxt.csproj" />
  <Project Path="../../PlatformIndependentNuGetPackages/SunamoRoslyn/SunamoRoslyn.Tests/SunamoRoslyn.Tests.csproj" />
  <Project Path="../../PlatformIndependentNuGetPackages/SunamoRoslyn/SunamoRoslyn/SunamoRoslyn.csproj" />
  <Project Path="../../PlatformIndependentNuGetPackages/SunamoRss/SunamoRss.Tests/SunamoRss.Tests.csproj" />
  <Project Path="../../PlatformIndependentNuGetPackages/SunamoRss/SunamoRss/SunamoRss.csproj" />
  <Project Path="../../PlatformIndependentNuGetPackages/SunamoRuleset/SunamoRuleset.Tests/SunamoRuleset.Tests.csproj" />
  <Project Path="../../PlatformIndependentNuGetPackages/SunamoRuleset/SunamoRuleset/SunamoRuleset.csproj" />
  <Project Path="../../PlatformIndependentNuGetPackages/SunamoSecurity/SunamoSecurity.Tests/SunamoSecurity.Tests.csproj" />
  <Project Path="../../PlatformIndependentNuGetPackages/SunamoSecurity/SunamoSecurity/SunamoSecurity.csproj" />
  <Project Path="../../PlatformIndependentNuGetPackages/SunamoSelenium/SunamoSelenium.Tests/SunamoSelenium.Tests.csproj" />
  <Project Path="../../PlatformIndependentNuGetPackages/SunamoSelenium/SunamoSelenium/SunamoSelenium.csproj" />
  <Project Path="../../PlatformIndependentNuGetPackages/SunamoSerializer/SunamoSerializer.Tests/SunamoSerializer.Tests.csproj" />
  <Project Path="../../PlatformIndependentNuGetPackages/SunamoSerializer/SunamoSerializer/SunamoSerializer.csproj" />
  <Project Path="../../PlatformIndependentNuGetPackages/SunamoShared/SunamoShared.Tests/SunamoShared.Tests.csproj" />
  <Project Path="../../PlatformIndependentNuGetPackages/SunamoShared/SunamoShared/SunamoShared.csproj" />
  <Project Path="../../PlatformIndependentNuGetPackages/SunamoStopwatch/SunamoStopwatch.Tests/SunamoStopwatch.Tests.csproj" />
  <Project Path="../../PlatformIndependentNuGetPackages/SunamoStopwatch/SunamoStopwatch/SunamoStopwatch.csproj" />
  <Project Path="../../PlatformIndependentNuGetPackages/SunamoString/SunamoString.Tests/SunamoString.Tests.csproj" />
  <Project Path="../../PlatformIndependentNuGetPackages/SunamoString/SunamoString/SunamoString.csproj" />
  <Project Path="../../PlatformIndependentNuGetPackages/SunamoStringFormat/SunamoStringFormat.Tests/SunamoStringFormat.Tests.csproj" />
  <Project Path="../../PlatformIndependentNuGetPackages/SunamoStringFormat/SunamoStringFormat/SunamoStringFormat.csproj" />
  <Project Path="../../PlatformIndependentNuGetPackages/SunamoStringGetLines/SunamoStringGetLines.Tests/SunamoStringGetLines.Tests.csproj" />
  <Project Path="../../PlatformIndependentNuGetPackages/SunamoStringGetLines/SunamoStringGetLines/SunamoStringGetLines.csproj" />
  <Project Path="../../PlatformIndependentNuGetPackages/SunamoStringGetString/SunamoStringGetString.Tests/SunamoStringGetString.Tests.csproj" />
  <Project Path="../../PlatformIndependentNuGetPackages/SunamoStringGetString/SunamoStringGetString/SunamoStringGetString.csproj" />
  <Project Path="../../PlatformIndependentNuGetPackages/SunamoStringJoin/SunamoStringJoin.Tests/SunamoStringJoin.Tests.csproj" />
  <Project Path="../../PlatformIndependentNuGetPackages/SunamoStringJoin/SunamoStringJoin/SunamoStringJoin.csproj" />
  <Project Path="../../PlatformIndependentNuGetPackages/SunamoStringJoinPairs/SunamoStringJoinPairs.Tests/SunamoStringJoinPairs.Tests.csproj" />
  <Project Path="../../PlatformIndependentNuGetPackages/SunamoStringJoinPairs/SunamoStringJoinPairs/SunamoStringJoinPairs.csproj" />
  <Project Path="../../PlatformIndependentNuGetPackages/SunamoStringParts/SunamoStringParts.Tests/SunamoStringParts.Tests.csproj" />
  <Project Path="../../PlatformIndependentNuGetPackages/SunamoStringParts/SunamoStringParts/SunamoStringParts.csproj" />
  <Project Path="../../PlatformIndependentNuGetPackages/SunamoStringReplace/SunamoStringReplace.Tests/SunamoStringReplace.Tests.csproj" />
  <Project Path="../../PlatformIndependentNuGetPackages/SunamoStringReplace/SunamoStringReplace/SunamoStringReplace.csproj" />
  <Project Path="../../PlatformIndependentNuGetPackages/SunamoStringSplit/SunamoStringSplit.Tests/SunamoStringSplit.Tests.csproj" />
  <Project Path="../../PlatformIndependentNuGetPackages/SunamoStringSplit/SunamoStringSplit/SunamoStringSplit.csproj" />
  <Project Path="../../PlatformIndependentNuGetPackages/SunamoStringSubstring/SunamoStringSubstring.Tests/SunamoStringSubstring.Tests.csproj" />
  <Project Path="../../PlatformIndependentNuGetPackages/SunamoStringSubstring/SunamoStringSubstring/SunamoStringSubstring.csproj" />
  <Project Path="../../PlatformIndependentNuGetPackages/SunamoStringTrim/SunamoStringTrim.Tests/SunamoStringTrim.Tests.csproj" />
  <Project Path="../../PlatformIndependentNuGetPackages/SunamoStringTrim/SunamoStringTrim/SunamoStringTrim.csproj" />
  <Project Path="../../PlatformIndependentNuGetPackages/SunamoTest/SunamoTest.Tests/SunamoTest.Tests.csproj" />
  <Project Path="../../PlatformIndependentNuGetPackages/SunamoTest/SunamoTest/SunamoTest.csproj" />
  <Project Path="../../PlatformIndependentNuGetPackages/SunamoText/SunamoText.Tests/SunamoText.Tests.csproj" />
  <Project Path="../../PlatformIndependentNuGetPackages/SunamoText/SunamoText/SunamoText.csproj" />
  <Project Path="../../PlatformIndependentNuGetPackages/SunamoTextIndexing/SunamoTextIndexing.Tests/SunamoTextIndexing.Tests.csproj" />
  <Project Path="../../PlatformIndependentNuGetPackages/SunamoTextIndexing/SunamoTextIndexing/SunamoTextIndexing.csproj" />
  <Project Path="../../PlatformIndependentNuGetPackages/SunamoTextOutputGenerator/SunamoTextOutputGenerator.Tests/SunamoTextOutputGenerator.Tests.csproj" />
  <Project Path="../../PlatformIndependentNuGetPackages/SunamoTextOutputGenerator/SunamoTextOutputGenerator/SunamoTextOutputGenerator.csproj" />
  <Project Path="../../PlatformIndependentNuGetPackages/SunamoThisApp/SunamoThisApp.Tests/SunamoThisApp.Tests.csproj" />
  <Project Path="../../PlatformIndependentNuGetPackages/SunamoThisApp/SunamoThisApp/SunamoThisApp.csproj" />
  <Project Path="../../PlatformIndependentNuGetPackages/SunamoThread/SunamoThread.Tests/SunamoThread.Tests.csproj" />
  <Project Path="../../PlatformIndependentNuGetPackages/SunamoThread/SunamoThread/SunamoThread.csproj" />
  <Project Path="../../PlatformIndependentNuGetPackages/SunamoThreading/SunamoThreading.Tests/SunamoThreading.Tests.csproj" />
  <Project Path="../../PlatformIndependentNuGetPackages/SunamoThreading/SunamoThreading/SunamoThreading.csproj" />
  <Project Path="../../PlatformIndependentNuGetPackages/SunamoTidy/SunamoTidy.Tests/SunamoTidy.Tests.csproj" />
  <Project Path="../../PlatformIndependentNuGetPackages/SunamoTidy/SunamoTidy/SunamoTidy.csproj" />
  <Project Path="../../PlatformIndependentNuGetPackages/SunamoToUnixLineEnding/SunamoToUnixLineEnding.Tests/SunamoToUnixLineEnding.Tests.csproj" />
  <Project Path="../../PlatformIndependentNuGetPackages/SunamoToUnixLineEnding/SunamoToUnixLineEnding/SunamoToUnixLineEnding.csproj" />
  <Project Path="../../PlatformIndependentNuGetPackages/SunamoTwoWayDictionary/SunamoTwoWayDictionary.Tests/SunamoTwoWayDictionary.Tests.csproj" />
  <Project Path="../../PlatformIndependentNuGetPackages/SunamoTwoWayDictionary/SunamoTwoWayDictionary/SunamoTwoWayDictionary.csproj" />
  <Project Path="../../PlatformIndependentNuGetPackages/SunamoTypes/SunamoTypes.Tests/SunamoTypes.Tests.csproj" />
  <Project Path="../../PlatformIndependentNuGetPackages/SunamoTypes/SunamoTypes/SunamoTypes.csproj" />
  <Project Path="../../PlatformIndependentNuGetPackages/SunamoUnderscore/SunamoUnderscore.Tests/SunamoUnderscore.Tests.csproj" />
  <Project Path="../../PlatformIndependentNuGetPackages/SunamoUnderscore/SunamoUnderscore/SunamoUnderscore.csproj" />
  <Project Path="../../PlatformIndependentNuGetPackages/SunamoUri/SunamoUri.Tests/SunamoUri.Tests.csproj" />
  <Project Path="../../PlatformIndependentNuGetPackages/SunamoUri/SunamoUri/SunamoUri.csproj" />
  <Project Path="../../PlatformIndependentNuGetPackages/SunamoUriWebServices/SunamoUriWebServices.Tests/SunamoUriWebServices.Tests.csproj" />
  <Project Path="../../PlatformIndependentNuGetPackages/SunamoUriWebServices/SunamoUriWebServices/SunamoUriWebServices.csproj" />
  <Project Path="../../PlatformIndependentNuGetPackages/SunamoValues/SunamoValues.Tests/SunamoValues.Tests.csproj" />
  <Project Path="../../PlatformIndependentNuGetPackages/SunamoValues/SunamoValues/SunamoValues.csproj" />
  <Project Path="../../PlatformIndependentNuGetPackages/SunamoVcf/SunamoVcf.Tests/SunamoVcf.Tests.csproj" />
  <Project Path="../../PlatformIndependentNuGetPackages/SunamoVcf/SunamoVcf/SunamoVcf.csproj" />
  <Project Path="../../PlatformIndependentNuGetPackages/SunamoWikipedia/SunamoWikipedia.Tests/SunamoWikipedia.Tests.csproj" />
  <Project Path="../../PlatformIndependentNuGetPackages/SunamoWikipedia/SunamoWikipedia/SunamoWikipedia.csproj" />
  <Project Path="../../PlatformIndependentNuGetPackages/SunamoWinStd/SunamoWinStd.Tests/SunamoWinStd.Tests.csproj" />
  <Project Path="../../PlatformIndependentNuGetPackages/SunamoWinStd/SunamoWinStd/SunamoWinStd.csproj" />
  <Project Path="../../PlatformIndependentNuGetPackages/SunamoXlfKeys/SunamoXlfKeys.Tests/SunamoXlfKeys.Tests.csproj" />
  <Project Path="../../PlatformIndependentNuGetPackages/SunamoXlfKeys/SunamoXlfKeys/SunamoXlfKeys.csproj" />
  <Project Path="../../PlatformIndependentNuGetPackages/SunamoXliffParser/SunamoXliffParser.Tests/SunamoXliffParser.Tests.csproj" />
  <Project Path="../../PlatformIndependentNuGetPackages/SunamoXliffParser/SunamoXliffParser/SunamoXliffParser.csproj" />
  <Project Path="../../PlatformIndependentNuGetPackages/SunamoXml/SunamoXml.Tests/SunamoXml.Tests.csproj" />
  <Project Path="../../PlatformIndependentNuGetPackages/SunamoXml/SunamoXml/SunamoXml.csproj" />
  <Project Path="../../PlatformIndependentNuGetPackages/SunamoYaml/SunamoYaml.Tests/SunamoYaml.Tests.csproj" />
  <Project Path="../../PlatformIndependentNuGetPackages/SunamoYaml/SunamoYaml/SunamoYaml.csproj" />
  <Project Path="../../PlatformIndependentNuGetPackages/SunamoYouTube/SunamoYouTube.Tests/SunamoYouTube.Tests.csproj" />
  <Project Path="../../PlatformIndependentNuGetPackages/SunamoYouTube/SunamoYouTube/SunamoYouTube.csproj" />
</Solution>
