
Microsoft Visual Studio Solution File, Format Version 12.00
# Visual Studio Version 17
VisualStudioVersion = 17.0.31903.59
MinimumVisualStudioVersion = 10.0.40219.1
Project("{9A19103F-16F7-4668-BE54-9A1E7A4F7556}") = "SunamoString", "..\..\sunamoWithoutLocalDep\SunamoString\SunamoString.csproj", "{11BDC706-7226-4940-A2FE-999E2D756D7F}"
EndProject
Project("{9A19103F-16F7-4668-BE54-9A1E7A4F7556}") = "SunamoString.Tests2", "SunamoString.Tests2\SunamoString.Tests2.csproj", "{B822B1EA-5563-4DB8-85D7-5B7D8F92A9F2}"
EndProject
Global
	GlobalSection(SolutionConfigurationPlatforms) = preSolution
		Debug|Any CPU = Debug|Any CPU
		Release|Any CPU = Release|Any CPU
	EndGlobalSection
	GlobalSection(ProjectConfigurationPlatforms) = postSolution
		{11BDC706-7226-4940-A2FE-999E2D756D7F}.Debug|Any CPU.ActiveCfg = Debug|Any CPU
		{11BDC706-7226-4940-A2FE-999E2D756D7F}.Debug|Any CPU.Build.0 = Debug|Any CPU
		{11BDC706-7226-4940-A2FE-999E2D756D7F}.Release|Any CPU.ActiveCfg = Release|Any CPU
		{11BDC706-7226-4940-A2FE-999E2D756D7F}.Release|Any CPU.Build.0 = Release|Any CPU
		{B822B1EA-5563-4DB8-85D7-5B7D8F92A9F2}.Debug|Any CPU.ActiveCfg = Debug|Any CPU
		{B822B1EA-5563-4DB8-85D7-5B7D8F92A9F2}.Debug|Any CPU.Build.0 = Debug|Any CPU
		{B822B1EA-5563-4DB8-85D7-5B7D8F92A9F2}.Release|Any CPU.ActiveCfg = Release|Any CPU
		{B822B1EA-5563-4DB8-85D7-5B7D8F92A9F2}.Release|Any CPU.Build.0 = Release|Any CPU
	EndGlobalSection
	GlobalSection(SolutionProperties) = preSolution
		HideSolutionNode = FALSE
	EndGlobalSection
	GlobalSection(ExtensibilityGlobals) = postSolution
		SolutionGuid = {9A5373C6-F315-44D0-B3C3-59EF8E89828B}
	EndGlobalSection
EndGlobal
